
Microsoft Visual Studio Solution File, Format Version 12.00
# Visual Studio 2013
VisualStudioVersion = 12.0.31101.0
MinimumVisualStudioVersion = 10.0.40219.1
Project("{FAE04EC0-301F-11D3-BF4B-00C04F79EFBC}") = "mCalendar", "mCalendar\mCalendar.csproj", "{2CE83C2C-CC4E-4F55-8095-43A7FE4D8BD5}"
EndProject
Project("{FAE04EC0-301F-11D3-BF4B-00C04F79EFBC}") = "mCalendar.Tests", "mCalendar.Tests\mCalendar.Tests.csproj", "{77C05502-204B-45B3-8BEF-C35324A01E1B}"
EndProject
Global
	GlobalSection(SolutionConfigurationPlatforms) = preSolution
		Debug|Any CPU = Debug|Any CPU
		Release|Any CPU = Release|Any CPU
	EndGlobalSection
	GlobalSection(ProjectConfigurationPlatforms) = postSolution
		{2CE83C2C-CC4E-4F55-8095-43A7FE4D8BD5}.Debug|Any CPU.ActiveCfg = Debug|Any CPU
		{2CE83C2C-CC4E-4F55-8095-43A7FE4D8BD5}.Debug|Any CPU.Build.0 = Debug|Any CPU
		{2CE83C2C-CC4E-4F55-8095-43A7FE4D8BD5}.Release|Any CPU.ActiveCfg = Release|Any CPU
		{2CE83C2C-CC4E-4F55-8095-43A7FE4D8BD5}.Release|Any CPU.Build.0 = Release|Any CPU
		{77C05502-204B-45B3-8BEF-C35324A01E1B}.Debug|Any CPU.ActiveCfg = Debug|Any CPU
		{77C05502-204B-45B3-8BEF-C35324A01E1B}.Debug|Any CPU.Build.0 = Debug|Any CPU
		{77C05502-204B-45B3-8BEF-C35324A01E1B}.Release|Any CPU.ActiveCfg = Release|Any CPU
		{77C05502-204B-45B3-8BEF-C35324A01E1B}.Release|Any CPU.Build.0 = Release|Any CPU
	EndGlobalSection
	GlobalSection(SolutionProperties) = preSolution
		HideSolutionNode = FALSE
	EndGlobalSection
EndGlobal
